
Microsoft Visual Studio Solution File, Format Version 12.00
# Visual Studio 15
VisualStudioVersion = 15.0.28307.168
MinimumVisualStudioVersion = 10.0.40219.1
Project("{9A19103F-16F7-4668-BE54-9A1E7A4F7556}") = "Wordpress.Automation.Test", "Wordpress.Automation.Test\Wordpress.Automation.Test.csproj", "{5F3F07B3-F5F0-4B06-89BD-F8A0C3B2C5B4}"
EndProject
Project("{FAE04EC0-301F-11D3-BF4B-00C04F79EFBC}") = "Wordpress.Automation.Framework", "Wordpress.Automation.Framework\Wordpress.Automation.Framework.csproj", "{9EBBBF1E-67FE-4B75-87A6-7B1FBC409BD3}"
EndProject
Project("{FAE04EC0-301F-11D3-BF4B-00C04F79EFBC}") = "Automation.Framework.Core", "Automation.Framework\Automation.Framework.Core.csproj", "{DE864F37-C953-4B5B-B754-C7E1C616A655}"
EndProject
Global
	GlobalSection(SolutionConfigurationPlatforms) = preSolution
		Debug|Any CPU = Debug|Any CPU
		Release|Any CPU = Release|Any CPU
	EndGlobalSection
	GlobalSection(ProjectConfigurationPlatforms) = postSolution
		{5F3F07B3-F5F0-4B06-89BD-F8A0C3B2C5B4}.Debug|Any CPU.ActiveCfg = Debug|Any CPU
		{5F3F07B3-F5F0-4B06-89BD-F8A0C3B2C5B4}.Debug|Any CPU.Build.0 = Debug|Any CPU
		{5F3F07B3-F5F0-4B06-89BD-F8A0C3B2C5B4}.Release|Any CPU.ActiveCfg = Release|Any CPU
		{5F3F07B3-F5F0-4B06-89BD-F8A0C3B2C5B4}.Release|Any CPU.Build.0 = Release|Any CPU
		{9EBBBF1E-67FE-4B75-87A6-7B1FBC409BD3}.Debug|Any CPU.ActiveCfg = Debug|Any CPU
		{9EBBBF1E-67FE-4B75-87A6-7B1FBC409BD3}.Debug|Any CPU.Build.0 = Debug|Any CPU
		{9EBBBF1E-67FE-4B75-87A6-7B1FBC409BD3}.Release|Any CPU.ActiveCfg = Release|Any CPU
		{9EBBBF1E-67FE-4B75-87A6-7B1FBC409BD3}.Release|Any CPU.Build.0 = Release|Any CPU
		{DE864F37-C953-4B5B-B754-C7E1C616A655}.Debug|Any CPU.ActiveCfg = Debug|Any CPU
		{DE864F37-C953-4B5B-B754-C7E1C616A655}.Debug|Any CPU.Build.0 = Debug|Any CPU
		{DE864F37-C953-4B5B-B754-C7E1C616A655}.Release|Any CPU.ActiveCfg = Release|Any CPU
		{DE864F37-C953-4B5B-B754-C7E1C616A655}.Release|Any CPU.Build.0 = Release|Any CPU
	EndGlobalSection
	GlobalSection(SolutionProperties) = preSolution
		HideSolutionNode = FALSE
	EndGlobalSection
	GlobalSection(ExtensibilityGlobals) = postSolution
		SolutionGuid = {7FCEF5B8-EB14-4444-ADA6-91EA85CA06D2}
	EndGlobalSection
EndGlobal
